// !$*UTF8*$!
{
	archiveVersion = 1;
	classes = {
	};
	objectVersion = 50;
	objects = {

/* Begin PBXBuildFile section */
		3423D8112679933500ACDC44 /* ItemListView.swift in Sources */ = {isa = PBXBuildFile; fileRef = 3423D8102679933500ACDC44 /* ItemListView.swift */; };
		3423D813267996CD00ACDC44 /* ProjectSummaryView.swift in Sources */ = {isa = PBXBuildFile; fileRef = 3423D812267996CD00ACDC44 /* ProjectSummaryView.swift */; };
		3476593D267C53EE0073DFD1 /* UnlockManager.swift in Sources */ = {isa = PBXBuildFile; fileRef = 3476593C267C53EE0073DFD1 /* UnlockManager.swift */; };
		3478C2C0266605D10026D841 /* ProjectHeaderView.swift in Sources */ = {isa = PBXBuildFile; fileRef = 3478C2BF266605D10026D841 /* ProjectHeaderView.swift */; };
		3478C2C2266609680026D841 /* Colors.xcassets in Resources */ = {isa = PBXBuildFile; fileRef = 3478C2C1266609680026D841 /* Colors.xcassets */; };
		3478C2C426660B410026D841 /* EditProjectView.swift in Sources */ = {isa = PBXBuildFile; fileRef = 3478C2C326660B410026D841 /* EditProjectView.swift */; };
		349C41CC2661B2EA0099C5F2 /* ChessMemoApp.swift in Sources */ = {isa = PBXBuildFile; fileRef = 349C41CB2661B2EA0099C5F2 /* ChessMemoApp.swift */; };
		349C41CE2661B2EA0099C5F2 /* ContentView.swift in Sources */ = {isa = PBXBuildFile; fileRef = 349C41CD2661B2EA0099C5F2 /* ContentView.swift */; };
		349C41D02661B2EC0099C5F2 /* Assets.xcassets in Resources */ = {isa = PBXBuildFile; fileRef = 349C41CF2661B2EC0099C5F2 /* Assets.xcassets */; };
		349C41D32661B2EC0099C5F2 /* Preview Assets.xcassets in Resources */ = {isa = PBXBuildFile; fileRef = 349C41D22661B2EC0099C5F2 /* Preview Assets.xcassets */; };
		349C41DC2661B8210099C5F2 /* Main.xcdatamodeld in Sources */ = {isa = PBXBuildFile; fileRef = 349C41DA2661B8210099C5F2 /* Main.xcdatamodeld */; };
		34A130AC2668645600377B3A /* Sequence-Sorting.swift in Sources */ = {isa = PBXBuildFile; fileRef = 34A130AB2668645600377B3A /* Sequence-Sorting.swift */; };
		34A130AE2668A2D500377B3A /* SelectSomethingView.swift in Sources */ = {isa = PBXBuildFile; fileRef = 34A130AD2668A2D500377B3A /* SelectSomethingView.swift */; };
		34A130B02668A6F100377B3A /* Bundle-Decodable.swift in Sources */ = {isa = PBXBuildFile; fileRef = 34A130AF2668A6F100377B3A /* Bundle-Decodable.swift */; };
		34A130B42668ADF200377B3A /* Award.swift in Sources */ = {isa = PBXBuildFile; fileRef = 34A130B32668ADF200377B3A /* Award.swift */; };
		34A130B62668AEBA00377B3A /* AwardsView.swift in Sources */ = {isa = PBXBuildFile; fileRef = 34A130B52668AEBA00377B3A /* AwardsView.swift */; };
		34B5100B2664783200AA30DD /* Item-CoreDataHelper.swift in Sources */ = {isa = PBXBuildFile; fileRef = 34B5100A2664783200AA30DD /* Item-CoreDataHelper.swift */; };
		34B5100D26648B3100AA30DD /* Project-CoreDataHelper.swift in Sources */ = {isa = PBXBuildFile; fileRef = 34B5100C26648B3100AA30DD /* Project-CoreDataHelper.swift */; };
		34BD42E32661ED2D00AD8D14 /* DataController.swift in Sources */ = {isa = PBXBuildFile; fileRef = 34BD42E22661ED2D00AD8D14 /* DataController.swift */; };
		34BD42E726620CCB00AD8D14 /* CloudKit.framework in Frameworks */ = {isa = PBXBuildFile; fileRef = 34BD42E626620CCB00AD8D14 /* CloudKit.framework */; };
		34BD42E926620DAF00AD8D14 /* HomeView.swift in Sources */ = {isa = PBXBuildFile; fileRef = 34BD42E826620DAF00AD8D14 /* HomeView.swift */; };
		34BD42EB26620F0700AD8D14 /* ProjectsView.swift in Sources */ = {isa = PBXBuildFile; fileRef = 34BD42EA26620F0700AD8D14 /* ProjectsView.swift */; };
		34C0003526785B1200E80748 /* Awards.json in Resources */ = {isa = PBXBuildFile; fileRef = 34C0003726785B1200E80748 /* Awards.json */; };
		34CB215B2665D195004E70D9 /* EditItemView.swift in Sources */ = {isa = PBXBuildFile; fileRef = 34CB215A2665D195004E70D9 /* EditItemView.swift */; };
		34CB215D2665D75E004E70D9 /* ItemRowView.swift in Sources */ = {isa = PBXBuildFile; fileRef = 34CB215C2665D75E004E70D9 /* ItemRowView.swift */; };
		34CB215F2665E033004E70D9 /* Binding-OnChange.swift in Sources */ = {isa = PBXBuildFile; fileRef = 34CB215E2665E033004E70D9 /* Binding-OnChange.swift */; };
		34CDEEFE267AE214004BC0BF /* ChessMemoTests.swift in Sources */ = {isa = PBXBuildFile; fileRef = 34CDEEFD267AE214004BC0BF /* ChessMemoTests.swift */; };
		34FCF4F62669C00300575C1C /* Color-Additions.swift in Sources */ = {isa = PBXBuildFile; fileRef = 34FCF4F52669C00300575C1C /* Color-Additions.swift */; };
/* End PBXBuildFile section */

/* Begin PBXContainerItemProxy section */
		34CDEEFF267AE214004BC0BF /* PBXContainerItemProxy */ = {
			isa = PBXContainerItemProxy;
			containerPortal = 349C41C02661B2E90099C5F2 /* Project object */;
			proxyType = 1;
			remoteGlobalIDString = 349C41C72661B2EA0099C5F2;
			remoteInfo = ChessMemo;
		};
/* End PBXContainerItemProxy section */

/* Begin PBXFileReference section */
		3423D8102679933500ACDC44 /* ItemListView.swift */ = {isa = PBXFileReference; lastKnownFileType = sourcecode.swift; path = ItemListView.swift; sourceTree = "<group>"; };
		3423D812267996CD00ACDC44 /* ProjectSummaryView.swift */ = {isa = PBXFileReference; lastKnownFileType = sourcecode.swift; path = ProjectSummaryView.swift; sourceTree = "<group>"; };
		345A0F4D267C72DA00424784 /* Configuration.storekit */ = {isa = PBXFileReference; lastKnownFileType = text; path = Configuration.storekit; sourceTree = "<group>"; };
		3476593C267C53EE0073DFD1 /* UnlockManager.swift */ = {isa = PBXFileReference; lastKnownFileType = sourcecode.swift; path = UnlockManager.swift; sourceTree = "<group>"; };
		3478C2BF266605D10026D841 /* ProjectHeaderView.swift */ = {isa = PBXFileReference; lastKnownFileType = sourcecode.swift; path = ProjectHeaderView.swift; sourceTree = "<group>"; };
		3478C2C1266609680026D841 /* Colors.xcassets */ = {isa = PBXFileReference; lastKnownFileType = folder.assetcatalog; path = Colors.xcassets; sourceTree = "<group>"; };
		3478C2C326660B410026D841 /* EditProjectView.swift */ = {isa = PBXFileReference; lastKnownFileType = sourcecode.swift; path = EditProjectView.swift; sourceTree = "<group>"; };
		349C41C82661B2EA0099C5F2 /* ChessMemo.app */ = {isa = PBXFileReference; explicitFileType = wrapper.application; includeInIndex = 0; path = ChessMemo.app; sourceTree = BUILT_PRODUCTS_DIR; };
		349C41CB2661B2EA0099C5F2 /* ChessMemoApp.swift */ = {isa = PBXFileReference; lastKnownFileType = sourcecode.swift; path = ChessMemoApp.swift; sourceTree = "<group>"; };
		349C41CD2661B2EA0099C5F2 /* ContentView.swift */ = {isa = PBXFileReference; lastKnownFileType = sourcecode.swift; path = ContentView.swift; sourceTree = "<group>"; };
		349C41CF2661B2EC0099C5F2 /* Assets.xcassets */ = {isa = PBXFileReference; lastKnownFileType = folder.assetcatalog; path = Assets.xcassets; sourceTree = "<group>"; };
		349C41D22661B2EC0099C5F2 /* Preview Assets.xcassets */ = {isa = PBXFileReference; lastKnownFileType = folder.assetcatalog; path = "Preview Assets.xcassets"; sourceTree = "<group>"; };
		349C41D42661B2EC0099C5F2 /* Info.plist */ = {isa = PBXFileReference; lastKnownFileType = text.plist.xml; path = Info.plist; sourceTree = "<group>"; };
		349C41DB2661B8210099C5F2 /* Main.xcdatamodel */ = {isa = PBXFileReference; lastKnownFileType = wrapper.xcdatamodel; path = Main.xcdatamodel; sourceTree = "<group>"; };
		34A130AB2668645600377B3A /* Sequence-Sorting.swift */ = {isa = PBXFileReference; lastKnownFileType = sourcecode.swift; path = "Sequence-Sorting.swift"; sourceTree = "<group>"; };
		34A130AD2668A2D500377B3A /* SelectSomethingView.swift */ = {isa = PBXFileReference; lastKnownFileType = sourcecode.swift; path = SelectSomethingView.swift; sourceTree = "<group>"; };
		34A130AF2668A6F100377B3A /* Bundle-Decodable.swift */ = {isa = PBXFileReference; lastKnownFileType = sourcecode.swift; path = "Bundle-Decodable.swift"; sourceTree = "<group>"; };
		34A130B32668ADF200377B3A /* Award.swift */ = {isa = PBXFileReference; lastKnownFileType = sourcecode.swift; path = Award.swift; sourceTree = "<group>"; };
		34A130B52668AEBA00377B3A /* AwardsView.swift */ = {isa = PBXFileReference; lastKnownFileType = sourcecode.swift; path = AwardsView.swift; sourceTree = "<group>"; };
		34B5100A2664783200AA30DD /* Item-CoreDataHelper.swift */ = {isa = PBXFileReference; lastKnownFileType = sourcecode.swift; path = "Item-CoreDataHelper.swift"; sourceTree = "<group>"; };
		34B5100C26648B3100AA30DD /* Project-CoreDataHelper.swift */ = {isa = PBXFileReference; lastKnownFileType = sourcecode.swift; path = "Project-CoreDataHelper.swift"; sourceTree = "<group>"; };
		34BD42E22661ED2D00AD8D14 /* DataController.swift */ = {isa = PBXFileReference; lastKnownFileType = sourcecode.swift; path = DataController.swift; sourceTree = "<group>"; };
		34BD42E426620C9A00AD8D14 /* ChessMemo.entitlements */ = {isa = PBXFileReference; lastKnownFileType = text.plist.entitlements; path = ChessMemo.entitlements; sourceTree = "<group>"; };
		34BD42E626620CCB00AD8D14 /* CloudKit.framework */ = {isa = PBXFileReference; lastKnownFileType = wrapper.framework; name = CloudKit.framework; path = System/Library/Frameworks/CloudKit.framework; sourceTree = SDKROOT; };
		34BD42E826620DAF00AD8D14 /* HomeView.swift */ = {isa = PBXFileReference; lastKnownFileType = sourcecode.swift; path = HomeView.swift; sourceTree = "<group>"; };
		34BD42EA26620F0700AD8D14 /* ProjectsView.swift */ = {isa = PBXFileReference; lastKnownFileType = sourcecode.swift; path = ProjectsView.swift; sourceTree = "<group>"; };
		34C0003626785B1200E80748 /* Base */ = {isa = PBXFileReference; lastKnownFileType = text.json; name = Base; path = Base.lproj/Awards.json; sourceTree = "<group>"; };
		34CB215A2665D195004E70D9 /* EditItemView.swift */ = {isa = PBXFileReference; lastKnownFileType = sourcecode.swift; path = EditItemView.swift; sourceTree = "<group>"; };
		34CB215C2665D75E004E70D9 /* ItemRowView.swift */ = {isa = PBXFileReference; lastKnownFileType = sourcecode.swift; path = ItemRowView.swift; sourceTree = "<group>"; };
		34CB215E2665E033004E70D9 /* Binding-OnChange.swift */ = {isa = PBXFileReference; lastKnownFileType = sourcecode.swift; path = "Binding-OnChange.swift"; sourceTree = "<group>"; };
		34CDEEFB267AE214004BC0BF /* ChessMemoTests.xctest */ = {isa = PBXFileReference; explicitFileType = wrapper.cfbundle; includeInIndex = 0; path = ChessMemoTests.xctest; sourceTree = BUILT_PRODUCTS_DIR; };
		34CDEEFD267AE214004BC0BF /* ChessMemoTests.swift */ = {isa = PBXFileReference; lastKnownFileType = sourcecode.swift; path = ChessMemoTests.swift; sourceTree = "<group>"; };
		34FCF4F52669C00300575C1C /* Color-Additions.swift */ = {isa = PBXFileReference; lastKnownFileType = sourcecode.swift; path = "Color-Additions.swift"; sourceTree = "<group>"; };
/* End PBXFileReference section */

/* Begin PBXFrameworksBuildPhase section */
		349C41C52661B2EA0099C5F2 /* Frameworks */ = {
			isa = PBXFrameworksBuildPhase;
			buildActionMask = 2147483647;
			files = (
				34BD42E726620CCB00AD8D14 /* CloudKit.framework in Frameworks */,
			);
			runOnlyForDeploymentPostprocessing = 0;
		};
		34CDEEF8267AE214004BC0BF /* Frameworks */ = {
			isa = PBXFrameworksBuildPhase;
			buildActionMask = 2147483647;
			files = (
			);
			runOnlyForDeploymentPostprocessing = 0;
		};
/* End PBXFrameworksBuildPhase section */

/* Begin PBXGroup section */
		349C41BF2661B2E90099C5F2 = {
			isa = PBXGroup;
			children = (
				349C41CA2661B2EA0099C5F2 /* ChessMemo */,
				34CDEEFC267AE214004BC0BF /* ChessMemoTests */,
				349C41C92661B2EA0099C5F2 /* Products */,
				34BD42E526620CCB00AD8D14 /* Frameworks */,
			);
			sourceTree = "<group>";
		};
		349C41C92661B2EA0099C5F2 /* Products */ = {
			isa = PBXGroup;
			children = (
				349C41C82661B2EA0099C5F2 /* ChessMemo.app */,
				34CDEEFB267AE214004BC0BF /* ChessMemoTests.xctest */,
			);
			name = Products;
			sourceTree = "<group>";
		};
		349C41CA2661B2EA0099C5F2 /* ChessMemo */ = {
			isa = PBXGroup;
			children = (
				34CDEEF3267ADA55004BC0BF /* Activities */,
				34CDEEEF267AD7C8004BC0BF /* Views */,
				34CDEEF0267AD7CD004BC0BF /* Controllers */,
				34CDEEF2267AD883004BC0BF /* Configuration */,
				34CDEEF1267AD878004BC0BF /* Extensions */,
				349C41D42661B2EC0099C5F2 /* Info.plist */,
				349C41CB2661B2EA0099C5F2 /* ChessMemoApp.swift */,
				349C41CD2661B2EA0099C5F2 /* ContentView.swift */,
				349C41CF2661B2EC0099C5F2 /* Assets.xcassets */,
				3478C2C1266609680026D841 /* Colors.xcassets */,
				349C41D12661B2EC0099C5F2 /* Preview Content */,
				349C41DA2661B8210099C5F2 /* Main.xcdatamodeld */,
				3476593C267C53EE0073DFD1 /* UnlockManager.swift */,
				345A0F4D267C72DA00424784 /* Configuration.storekit */,
			);
			path = ChessMemo;
			sourceTree = "<group>";
		};
		349C41D12661B2EC0099C5F2 /* Preview Content */ = {
			isa = PBXGroup;
			children = (
				349C41D22661B2EC0099C5F2 /* Preview Assets.xcassets */,
			);
			path = "Preview Content";
			sourceTree = "<group>";
		};
		34BD42E526620CCB00AD8D14 /* Frameworks */ = {
			isa = PBXGroup;
			children = (
				34BD42E626620CCB00AD8D14 /* CloudKit.framework */,
			);
			name = Frameworks;
			sourceTree = "<group>";
		};
		34CDEEEF267AD7C8004BC0BF /* Views */ = {
			isa = PBXGroup;
			children = (
			);
			path = Views;
			sourceTree = "<group>";
		};
		34CDEEF0267AD7CD004BC0BF /* Controllers */ = {
			isa = PBXGroup;
			children = (
				34BD42E22661ED2D00AD8D14 /* DataController.swift */,
			);
			path = Controllers;
			sourceTree = "<group>";
		};
		34CDEEF1267AD878004BC0BF /* Extensions */ = {
			isa = PBXGroup;
			children = (
				34B5100A2664783200AA30DD /* Item-CoreDataHelper.swift */,
				34B5100C26648B3100AA30DD /* Project-CoreDataHelper.swift */,
				34FCF4F52669C00300575C1C /* Color-Additions.swift */,
				34A130AF2668A6F100377B3A /* Bundle-Decodable.swift */,
				34CB215E2665E033004E70D9 /* Binding-OnChange.swift */,
				34A130AB2668645600377B3A /* Sequence-Sorting.swift */,
			);
			path = Extensions;
			sourceTree = "<group>";
		};
		34CDEEF2267AD883004BC0BF /* Configuration */ = {
			isa = PBXGroup;
			children = (
				34BD42E426620C9A00AD8D14 /* ChessMemo.entitlements */,
			);
			path = Configuration;
			sourceTree = "<group>";
		};
		34CDEEF3267ADA55004BC0BF /* Activities */ = {
			isa = PBXGroup;
			children = (
				34CDEEF6267ADA69004BC0BF /* Home */,
				34CDEEF4267ADA5C004BC0BF /* Projects */,
				34CDEEF5267ADA5F004BC0BF /* Awards */,
			);
			path = Activities;
			sourceTree = "<group>";
		};
		34CDEEF4267ADA5C004BC0BF /* Projects */ = {
			isa = PBXGroup;
			children = (
				34CB215A2665D195004E70D9 /* EditItemView.swift */,
				34A130AD2668A2D500377B3A /* SelectSomethingView.swift */,
				3478C2C326660B410026D841 /* EditProjectView.swift */,
				34BD42EA26620F0700AD8D14 /* ProjectsView.swift */,
				34CB215C2665D75E004E70D9 /* ItemRowView.swift */,
				3478C2BF266605D10026D841 /* ProjectHeaderView.swift */,
			);
			path = Projects;
			sourceTree = "<group>";
		};
		34CDEEF5267ADA5F004BC0BF /* Awards */ = {
			isa = PBXGroup;
			children = (
				34C0003726785B1200E80748 /* Awards.json */,
				34A130B32668ADF200377B3A /* Award.swift */,
				34A130B52668AEBA00377B3A /* AwardsView.swift */,
			);
			path = Awards;
			sourceTree = "<group>";
		};
		34CDEEF6267ADA69004BC0BF /* Home */ = {
			isa = PBXGroup;
			children = (
				34BD42E826620DAF00AD8D14 /* HomeView.swift */,
				3423D8102679933500ACDC44 /* ItemListView.swift */,
				3423D812267996CD00ACDC44 /* ProjectSummaryView.swift */,
			);
			path = Home;
			sourceTree = "<group>";
		};
		34CDEEFC267AE214004BC0BF /* ChessMemoTests */ = {
			isa = PBXGroup;
			children = (
				34CDEEFD267AE214004BC0BF /* ChessMemoTests.swift */,
			);
			path = ChessMemoTests;
			sourceTree = "<group>";
		};
/* End PBXGroup section */

/* Begin PBXNativeTarget section */
		349C41C72661B2EA0099C5F2 /* ChessMemo */ = {
			isa = PBXNativeTarget;
			buildConfigurationList = 349C41D72661B2EC0099C5F2 /* Build configuration list for PBXNativeTarget "ChessMemo" */;
			buildPhases = (
				349C41C42661B2EA0099C5F2 /* Sources */,
				349C41C52661B2EA0099C5F2 /* Frameworks */,
				349C41C62661B2EA0099C5F2 /* Resources */,
			);
			buildRules = (
			);
			dependencies = (
			);
			name = ChessMemo;
			productName = ChessMemo;
			productReference = 349C41C82661B2EA0099C5F2 /* ChessMemo.app */;
			productType = "com.apple.product-type.application";
		};
		34CDEEFA267AE214004BC0BF /* ChessMemoTests */ = {
			isa = PBXNativeTarget;
			buildConfigurationList = 34CDEF01267AE214004BC0BF /* Build configuration list for PBXNativeTarget "ChessMemoTests" */;
			buildPhases = (
				34CDEEF7267AE214004BC0BF /* Sources */,
				34CDEEF8267AE214004BC0BF /* Frameworks */,
				34CDEEF9267AE214004BC0BF /* Resources */,
			);
			buildRules = (
			);
			dependencies = (
				34CDEF00267AE214004BC0BF /* PBXTargetDependency */,
			);
			name = ChessMemoTests;
			productName = ChessMemoTests;
			productReference = 34CDEEFB267AE214004BC0BF /* ChessMemoTests.xctest */;
			productType = "com.apple.product-type.bundle.unit-test";
		};
/* End PBXNativeTarget section */

/* Begin PBXProject section */
		349C41C02661B2E90099C5F2 /* Project object */ = {
			isa = PBXProject;
			attributes = {
				LastSwiftUpdateCheck = 1300;
				LastUpgradeCheck = 1250;
				TargetAttributes = {
					349C41C72661B2EA0099C5F2 = {
						CreatedOnToolsVersion = 12.5;
					};
					34CDEEFA267AE214004BC0BF = {
						CreatedOnToolsVersion = 13.0;
						TestTargetID = 349C41C72661B2EA0099C5F2;
					};
				};
			};
			buildConfigurationList = 349C41C32661B2E90099C5F2 /* Build configuration list for PBXProject "ChessMemo" */;
			compatibilityVersion = "Xcode 9.3";
			developmentRegion = en;
			hasScannedForEncodings = 0;
			knownRegions = (
				en,
				Base,
				hu,
			);
			mainGroup = 349C41BF2661B2E90099C5F2;
			productRefGroup = 349C41C92661B2EA0099C5F2 /* Products */;
			projectDirPath = "";
			projectRoot = "";
			targets = (
				349C41C72661B2EA0099C5F2 /* ChessMemo */,
				34CDEEFA267AE214004BC0BF /* ChessMemoTests */,
			);
		};
/* End PBXProject section */

/* Begin PBXResourcesBuildPhase section */
		349C41C62661B2EA0099C5F2 /* Resources */ = {
			isa = PBXResourcesBuildPhase;
			buildActionMask = 2147483647;
			files = (
				3478C2C2266609680026D841 /* Colors.xcassets in Resources */,
				34C0003526785B1200E80748 /* Awards.json in Resources */,
				349C41D32661B2EC0099C5F2 /* Preview Assets.xcassets in Resources */,
				349C41D02661B2EC0099C5F2 /* Assets.xcassets in Resources */,
			);
			runOnlyForDeploymentPostprocessing = 0;
		};
		34CDEEF9267AE214004BC0BF /* Resources */ = {
			isa = PBXResourcesBuildPhase;
			buildActionMask = 2147483647;
			files = (
			);
			runOnlyForDeploymentPostprocessing = 0;
		};
/* End PBXResourcesBuildPhase section */

/* Begin PBXSourcesBuildPhase section */
		349C41C42661B2EA0099C5F2 /* Sources */ = {
			isa = PBXSourcesBuildPhase;
			buildActionMask = 2147483647;
			files = (
				34BD42EB26620F0700AD8D14 /* ProjectsView.swift in Sources */,
				3423D813267996CD00ACDC44 /* ProjectSummaryView.swift in Sources */,
				3478C2C0266605D10026D841 /* ProjectHeaderView.swift in Sources */,
				34A130B62668AEBA00377B3A /* AwardsView.swift in Sources */,
				349C41DC2661B8210099C5F2 /* Main.xcdatamodeld in Sources */,
				34B5100B2664783200AA30DD /* Item-CoreDataHelper.swift in Sources */,
				34FCF4F62669C00300575C1C /* Color-Additions.swift in Sources */,
				3478C2C426660B410026D841 /* EditProjectView.swift in Sources */,
				34BD42E32661ED2D00AD8D14 /* DataController.swift in Sources */,
				3476593D267C53EE0073DFD1 /* UnlockManager.swift in Sources */,
				34A130AE2668A2D500377B3A /* SelectSomethingView.swift in Sources */,
				34A130B42668ADF200377B3A /* Award.swift in Sources */,
				34CB215D2665D75E004E70D9 /* ItemRowView.swift in Sources */,
				349C41CE2661B2EA0099C5F2 /* ContentView.swift in Sources */,
				34CB215F2665E033004E70D9 /* Binding-OnChange.swift in Sources */,
				34A130AC2668645600377B3A /* Sequence-Sorting.swift in Sources */,
				34A130B02668A6F100377B3A /* Bundle-Decodable.swift in Sources */,
				3423D8112679933500ACDC44 /* ItemListView.swift in Sources */,
				34BD42E926620DAF00AD8D14 /* HomeView.swift in Sources */,
				34B5100D26648B3100AA30DD /* Project-CoreDataHelper.swift in Sources */,
				349C41CC2661B2EA0099C5F2 /* ChessMemoApp.swift in Sources */,
				34CB215B2665D195004E70D9 /* EditItemView.swift in Sources */,
			);
			runOnlyForDeploymentPostprocessing = 0;
		};
		34CDEEF7267AE214004BC0BF /* Sources */ = {
			isa = PBXSourcesBuildPhase;
			buildActionMask = 2147483647;
			files = (
				34CDEEFE267AE214004BC0BF /* ChessMemoTests.swift in Sources */,
			);
			runOnlyForDeploymentPostprocessing = 0;
		};
/* End PBXSourcesBuildPhase section */

/* Begin PBXTargetDependency section */
		34CDEF00267AE214004BC0BF /* PBXTargetDependency */ = {
			isa = PBXTargetDependency;
			target = 349C41C72661B2EA0099C5F2 /* ChessMemo */;
			targetProxy = 34CDEEFF267AE214004BC0BF /* PBXContainerItemProxy */;
		};
/* End PBXTargetDependency section */

/* Begin PBXVariantGroup section */
		34C0003726785B1200E80748 /* Awards.json */ = {
			isa = PBXVariantGroup;
			children = (
				34C0003626785B1200E80748 /* Base */,
			);
			name = Awards.json;
			sourceTree = "<group>";
		};
/* End PBXVariantGroup section */

/* Begin XCBuildConfiguration section */
		349C41D52661B2EC0099C5F2 /* Debug */ = {
			isa = XCBuildConfiguration;
			buildSettings = {
				ALWAYS_SEARCH_USER_PATHS = NO;
				CLANG_ANALYZER_NONNULL = YES;
				CLANG_ANALYZER_NUMBER_OBJECT_CONVERSION = YES_AGGRESSIVE;
				CLANG_CXX_LANGUAGE_STANDARD = "gnu++14";
				CLANG_CXX_LIBRARY = "libc++";
				CLANG_ENABLE_MODULES = YES;
				CLANG_ENABLE_OBJC_ARC = YES;
				CLANG_ENABLE_OBJC_WEAK = YES;
				CLANG_WARN_BLOCK_CAPTURE_AUTORELEASING = YES;
				CLANG_WARN_BOOL_CONVERSION = YES;
				CLANG_WARN_COMMA = YES;
				CLANG_WARN_CONSTANT_CONVERSION = YES;
				CLANG_WARN_DEPRECATED_OBJC_IMPLEMENTATIONS = YES;
				CLANG_WARN_DIRECT_OBJC_ISA_USAGE = YES_ERROR;
				CLANG_WARN_DOCUMENTATION_COMMENTS = YES;
				CLANG_WARN_EMPTY_BODY = YES;
				CLANG_WARN_ENUM_CONVERSION = YES;
				CLANG_WARN_INFINITE_RECURSION = YES;
				CLANG_WARN_INT_CONVERSION = YES;
				CLANG_WARN_NON_LITERAL_NULL_CONVERSION = YES;
				CLANG_WARN_OBJC_IMPLICIT_RETAIN_SELF = YES;
				CLANG_WARN_OBJC_LITERAL_CONVERSION = YES;
				CLANG_WARN_OBJC_ROOT_CLASS = YES_ERROR;
				CLANG_WARN_QUOTED_INCLUDE_IN_FRAMEWORK_HEADER = YES;
				CLANG_WARN_RANGE_LOOP_ANALYSIS = YES;
				CLANG_WARN_STRICT_PROTOTYPES = YES;
				CLANG_WARN_SUSPICIOUS_MOVE = YES;
				CLANG_WARN_UNGUARDED_AVAILABILITY = YES_AGGRESSIVE;
				CLANG_WARN_UNREACHABLE_CODE = YES;
				CLANG_WARN__DUPLICATE_METHOD_MATCH = YES;
				COPY_PHASE_STRIP = NO;
				DEBUG_INFORMATION_FORMAT = dwarf;
				ENABLE_STRICT_OBJC_MSGSEND = YES;
				ENABLE_TESTABILITY = YES;
				GCC_C_LANGUAGE_STANDARD = gnu11;
				GCC_DYNAMIC_NO_PIC = NO;
				GCC_NO_COMMON_BLOCKS = YES;
				GCC_OPTIMIZATION_LEVEL = 0;
				GCC_PREPROCESSOR_DEFINITIONS = (
					"DEBUG=1",
					"$(inherited)",
				);
				GCC_WARN_64_TO_32_BIT_CONVERSION = YES;
				GCC_WARN_ABOUT_RETURN_TYPE = YES_ERROR;
				GCC_WARN_UNDECLARED_SELECTOR = YES;
				GCC_WARN_UNINITIALIZED_AUTOS = YES_AGGRESSIVE;
				GCC_WARN_UNUSED_FUNCTION = YES;
				GCC_WARN_UNUSED_VARIABLE = YES;
				IPHONEOS_DEPLOYMENT_TARGET = 14.5;
				MTL_ENABLE_DEBUG_INFO = INCLUDE_SOURCE;
				MTL_FAST_MATH = YES;
				ONLY_ACTIVE_ARCH = YES;
				SDKROOT = iphoneos;
				SWIFT_ACTIVE_COMPILATION_CONDITIONS = DEBUG;
				SWIFT_OPTIMIZATION_LEVEL = "-Onone";
			};
			name = Debug;
		};
		349C41D62661B2EC0099C5F2 /* Release */ = {
			isa = XCBuildConfiguration;
			buildSettings = {
				ALWAYS_SEARCH_USER_PATHS = NO;
				CLANG_ANALYZER_NONNULL = YES;
				CLANG_ANALYZER_NUMBER_OBJECT_CONVERSION = YES_AGGRESSIVE;
				CLANG_CXX_LANGUAGE_STANDARD = "gnu++14";
				CLANG_CXX_LIBRARY = "libc++";
				CLANG_ENABLE_MODULES = YES;
				CLANG_ENABLE_OBJC_ARC = YES;
				CLANG_ENABLE_OBJC_WEAK = YES;
				CLANG_WARN_BLOCK_CAPTURE_AUTORELEASING = YES;
				CLANG_WARN_BOOL_CONVERSION = YES;
				CLANG_WARN_COMMA = YES;
				CLANG_WARN_CONSTANT_CONVERSION = YES;
				CLANG_WARN_DEPRECATED_OBJC_IMPLEMENTATIONS = YES;
				CLANG_WARN_DIRECT_OBJC_ISA_USAGE = YES_ERROR;
				CLANG_WARN_DOCUMENTATION_COMMENTS = YES;
				CLANG_WARN_EMPTY_BODY = YES;
				CLANG_WARN_ENUM_CONVERSION = YES;
				CLANG_WARN_INFINITE_RECURSION = YES;
				CLANG_WARN_INT_CONVERSION = YES;
				CLANG_WARN_NON_LITERAL_NULL_CONVERSION = YES;
				CLANG_WARN_OBJC_IMPLICIT_RETAIN_SELF = YES;
				CLANG_WARN_OBJC_LITERAL_CONVERSION = YES;
				CLANG_WARN_OBJC_ROOT_CLASS = YES_ERROR;
				CLANG_WARN_QUOTED_INCLUDE_IN_FRAMEWORK_HEADER = YES;
				CLANG_WARN_RANGE_LOOP_ANALYSIS = YES;
				CLANG_WARN_STRICT_PROTOTYPES = YES;
				CLANG_WARN_SUSPICIOUS_MOVE = YES;
				CLANG_WARN_UNGUARDED_AVAILABILITY = YES_AGGRESSIVE;
				CLANG_WARN_UNREACHABLE_CODE = YES;
				CLANG_WARN__DUPLICATE_METHOD_MATCH = YES;
				COPY_PHASE_STRIP = NO;
				DEBUG_INFORMATION_FORMAT = "dwarf-with-dsym";
				ENABLE_NS_ASSERTIONS = NO;
				ENABLE_STRICT_OBJC_MSGSEND = YES;
				GCC_C_LANGUAGE_STANDARD = gnu11;
				GCC_NO_COMMON_BLOCKS = YES;
				GCC_WARN_64_TO_32_BIT_CONVERSION = YES;
				GCC_WARN_ABOUT_RETURN_TYPE = YES_ERROR;
				GCC_WARN_UNDECLARED_SELECTOR = YES;
				GCC_WARN_UNINITIALIZED_AUTOS = YES_AGGRESSIVE;
				GCC_WARN_UNUSED_FUNCTION = YES;
				GCC_WARN_UNUSED_VARIABLE = YES;
				IPHONEOS_DEPLOYMENT_TARGET = 14.5;
				MTL_ENABLE_DEBUG_INFO = NO;
				MTL_FAST_MATH = YES;
				SDKROOT = iphoneos;
				SWIFT_COMPILATION_MODE = wholemodule;
				SWIFT_OPTIMIZATION_LEVEL = "-O";
				VALIDATE_PRODUCT = YES;
			};
			name = Release;
		};
		349C41D82661B2EC0099C5F2 /* Debug */ = {
			isa = XCBuildConfiguration;
			buildSettings = {
				ASSETCATALOG_COMPILER_APPICON_NAME = AppIcon;
				ASSETCATALOG_COMPILER_GLOBAL_ACCENT_COLOR_NAME = AccentColor;
				CODE_SIGN_ENTITLEMENTS = ChessMemo/ChessMemo.entitlements;
				CODE_SIGN_STYLE = Automatic;
				DEVELOPMENT_ASSET_PATHS = "\"ChessMemo/Preview Content\"";
				DEVELOPMENT_TEAM = SX2P37942F;
				ENABLE_PREVIEWS = YES;
				INFOPLIST_FILE = ChessMemo/Info.plist;
				IPHONEOS_DEPLOYMENT_TARGET = 14.0;
				LD_RUNPATH_SEARCH_PATHS = (
					"$(inherited)",
					"@executable_path/Frameworks",
				);
				PRODUCT_BUNDLE_IDENTIFIER = com.shenxiaochun.ChessMemo;
				PRODUCT_NAME = "$(TARGET_NAME)";
				SWIFT_VERSION = 5.0;
				TARGETED_DEVICE_FAMILY = "1,2";
			};
			name = Debug;
		};
		349C41D92661B2EC0099C5F2 /* Release */ = {
			isa = XCBuildConfiguration;
			buildSettings = {
				ASSETCATALOG_COMPILER_APPICON_NAME = AppIcon;
				ASSETCATALOG_COMPILER_GLOBAL_ACCENT_COLOR_NAME = AccentColor;
				CODE_SIGN_ENTITLEMENTS = ChessMemo/ChessMemo.entitlements;
				CODE_SIGN_STYLE = Automatic;
				DEVELOPMENT_ASSET_PATHS = "\"ChessMemo/Preview Content\"";
				DEVELOPMENT_TEAM = SX2P37942F;
				ENABLE_PREVIEWS = YES;
				INFOPLIST_FILE = ChessMemo/Info.plist;
				IPHONEOS_DEPLOYMENT_TARGET = 14.0;
				LD_RUNPATH_SEARCH_PATHS = (
					"$(inherited)",
					"@executable_path/Frameworks",
				);
				PRODUCT_BUNDLE_IDENTIFIER = com.shenxiaochun.ChessMemo;
				PRODUCT_NAME = "$(TARGET_NAME)";
				SWIFT_VERSION = 5.0;
				TARGETED_DEVICE_FAMILY = "1,2";
			};
			name = Release;
		};
		34CDEF02267AE214004BC0BF /* Debug */ = {
			isa = XCBuildConfiguration;
			buildSettings = {
				BUNDLE_LOADER = "$(TEST_HOST)";
				CODE_SIGN_STYLE = Automatic;
				CURRENT_PROJECT_VERSION = 1;
				DEVELOPMENT_TEAM = SX2P37942F;
				GENERATE_INFOPLIST_FILE = YES;
				IPHONEOS_DEPLOYMENT_TARGET = 15.0;
				LD_RUNPATH_SEARCH_PATHS = (
					"$(inherited)",
					"@executable_path/Frameworks",
					"@loader_path/Frameworks",
				);
				MARKETING_VERSION = 1.0;
				PRODUCT_BUNDLE_IDENTIFIER = com.shenxiaochun.ChessMemoTests;
				PRODUCT_NAME = "$(TARGET_NAME)";
				SWIFT_EMIT_LOC_STRINGS = NO;
				SWIFT_VERSION = 5.0;
				TARGETED_DEVICE_FAMILY = "1,2";
				TEST_HOST = "$(BUILT_PRODUCTS_DIR)/ChessMemo.app/ChessMemo";
			};
			name = Debug;
		};
		34CDEF03267AE214004BC0BF /* Release */ = {
			isa = XCBuildConfiguration;
			buildSettings = {
				BUNDLE_LOADER = "$(TEST_HOST)";
				CODE_SIGN_STYLE = Automatic;
				CURRENT_PROJECT_VERSION = 1;
				DEVELOPMENT_TEAM = SX2P37942F;
				GENERATE_INFOPLIST_FILE = YES;
				IPHONEOS_DEPLOYMENT_TARGET = 15.0;
				LD_RUNPATH_SEARCH_PATHS = (
					"$(inherited)",
					"@executable_path/Frameworks",
					"@loader_path/Frameworks",
				);
				MARKETING_VERSION = 1.0;
				PRODUCT_BUNDLE_IDENTIFIER = com.shenxiaochun.ChessMemoTests;
				PRODUCT_NAME = "$(TARGET_NAME)";
				SWIFT_EMIT_LOC_STRINGS = NO;
				SWIFT_VERSION = 5.0;
				TARGETED_DEVICE_FAMILY = "1,2";
				TEST_HOST = "$(BUILT_PRODUCTS_DIR)/ChessMemo.app/ChessMemo";
			};
			name = Release;
		};
/* End XCBuildConfiguration section */

/* Begin XCConfigurationList section */
		349C41C32661B2E90099C5F2 /* Build configuration list for PBXProject "ChessMemo" */ = {
			isa = XCConfigurationList;
			buildConfigurations = (
				349C41D52661B2EC0099C5F2 /* Debug */,
				349C41D62661B2EC0099C5F2 /* Release */,
			);
			defaultConfigurationIsVisible = 0;
			defaultConfigurationName = Release;
		};
		349C41D72661B2EC0099C5F2 /* Build configuration list for PBXNativeTarget "ChessMemo" */ = {
			isa = XCConfigurationList;
			buildConfigurations = (
				349C41D82661B2EC0099C5F2 /* Debug */,
				349C41D92661B2EC0099C5F2 /* Release */,
			);
			defaultConfigurationIsVisible = 0;
			defaultConfigurationName = Release;
		};
		34CDEF01267AE214004BC0BF /* Build configuration list for PBXNativeTarget "ChessMemoTests" */ = {
			isa = XCConfigurationList;
			buildConfigurations = (
				34CDEF02267AE214004BC0BF /* Debug */,
				34CDEF03267AE214004BC0BF /* Release */,
			);
			defaultConfigurationIsVisible = 0;
			defaultConfigurationName = Release;
		};
/* End XCConfigurationList section */

/* Begin XCVersionGroup section */
		349C41DA2661B8210099C5F2 /* Main.xcdatamodeld */ = {
			isa = XCVersionGroup;
			children = (
				349C41DB2661B8210099C5F2 /* Main.xcdatamodel */,
			);
			currentVersion = 349C41DB2661B8210099C5F2 /* Main.xcdatamodel */;
			path = Main.xcdatamodeld;
			sourceTree = "<group>";
			versionGroupType = wrapper.xcdatamodel;
		};
/* End XCVersionGroup section */
	};
	rootObject = 349C41C02661B2E90099C5F2 /* Project object */;
}
